// !$*UTF8*$!
{
	archiveVersion = 1;
	classes = {
	};
	objectVersion = 48;
	objects = {

/* Begin PBXBuildFile section */
		420AC295204EB664005487A9 /* Concentration.swift in Sources */ = {isa = PBXBuildFile; fileRef = 420AC294204EB664005487A9 /* Concentration.swift */; };
		420AC297204EB684005487A9 /* Card.swift in Sources */ = {isa = PBXBuildFile; fileRef = 420AC296204EB684005487A9 /* Card.swift */; };
		42D43F09204D8150006EEF75 /* AppDelegate.swift in Sources */ = {isa = PBXBuildFile; fileRef = 42D43F08204D8150006EEF75 /* AppDelegate.swift */; };
		42D43F0B204D8150006EEF75 /* ViewController.swift in Sources */ = {isa = PBXBuildFile; fileRef = 42D43F0A204D8150006EEF75 /* ViewController.swift */; };
		42D43F0E204D8150006EEF75 /* Main.storyboard in Resources */ = {isa = PBXBuildFile; fileRef = 42D43F0C204D8150006EEF75 /* Main.storyboard */; };
		42D43F10204D8150006EEF75 /* Assets.xcassets in Resources */ = {isa = PBXBuildFile; fileRef = 42D43F0F204D8150006EEF75 /* Assets.xcassets */; };
		42D43F13204D8150006EEF75 /* LaunchScreen.storyboard in Resources */ = {isa = PBXBuildFile; fileRef = 42D43F11204D8150006EEF75 /* LaunchScreen.storyboard */; };
/* End PBXBuildFile section */

/* Begin PBXFileReference section */
		420AC294204EB664005487A9 /* Concentration.swift */ = {isa = PBXFileReference; lastKnownFileType = sourcecode.swift; path = Concentration.swift; sourceTree = "<group>"; };
		420AC296204EB684005487A9 /* Card.swift */ = {isa = PBXFileReference; lastKnownFileType = sourcecode.swift; path = Card.swift; sourceTree = "<group>"; };
		42D43F05204D8150006EEF75 /* FlipCard.app */ = {isa = PBXFileReference; explicitFileType = wrapper.application; includeInIndex = 0; path = FlipCard.app; sourceTree = BUILT_PRODUCTS_DIR; };
		42D43F08204D8150006EEF75 /* AppDelegate.swift */ = {isa = PBXFileReference; lastKnownFileType = sourcecode.swift; path = AppDelegate.swift; sourceTree = "<group>"; };
		42D43F0A204D8150006EEF75 /* ViewController.swift */ = {isa = PBXFileReference; lastKnownFileType = sourcecode.swift; path = ViewController.swift; sourceTree = "<group>"; };
		42D43F0D204D8150006EEF75 /* Base */ = {isa = PBXFileReference; lastKnownFileType = file.storyboard; name = Base; path = Base.lproj/Main.storyboard; sourceTree = "<group>"; };
		42D43F0F204D8150006EEF75 /* Assets.xcassets */ = {isa = PBXFileReference; lastKnownFileType = folder.assetcatalog; path = Assets.xcassets; sourceTree = "<group>"; };
		42D43F12204D8150006EEF75 /* Base */ = {isa = PBXFileReference; lastKnownFileType = file.storyboard; name = Base; path = Base.lproj/LaunchScreen.storyboard; sourceTree = "<group>"; };
		42D43F14204D8150006EEF75 /* Info.plist */ = {isa = PBXFileReference; lastKnownFileType = text.plist.xml; path = Info.plist; sourceTree = "<group>"; };
/* End PBXFileReference section */

/* Begin PBXFrameworksBuildPhase section */
		42D43F02204D8150006EEF75 /* Frameworks */ = {
			isa = PBXFrameworksBuildPhase;
			buildActionMask = 2147483647;
			files = (
			);
			runOnlyForDeploymentPostprocessing = 0;
		};
/* End PBXFrameworksBuildPhase section */

/* Begin PBXGroup section */
		42D43EFC204D8150006EEF75 = {
			isa = PBXGroup;
			children = (
				42D43F07204D8150006EEF75 /* FlipCard */,
				42D43F06204D8150006EEF75 /* Products */,
			);
			sourceTree = "<group>";
		};
		42D43F06204D8150006EEF75 /* Products */ = {
			isa = PBXGroup;
			children = (
				42D43F05204D8150006EEF75 /* FlipCard.app */,
			);
			name = Products;
			sourceTree = "<group>";
		};
		42D43F07204D8150006EEF75 /* FlipCard */ = {
			isa = PBXGroup;
			children = (
				42D43F08204D8150006EEF75 /* AppDelegate.swift */,
				42D43F0A204D8150006EEF75 /* ViewController.swift */,
				420AC294204EB664005487A9 /* Concentration.swift */,
				420AC296204EB684005487A9 /* Card.swift */,
				42D43F1A204D815C006EEF75 /* Supporting FIles */,
				42D43F14204D8150006EEF75 /* Info.plist */,
			);
			path = FlipCard;
			sourceTree = "<group>";
		};
		42D43F1A204D815C006EEF75 /* Supporting FIles */ = {
			isa = PBXGroup;
			children = (
				42D43F0C204D8150006EEF75 /* Main.storyboard */,
				42D43F0F204D8150006EEF75 /* Assets.xcassets */,
				42D43F11204D8150006EEF75 /* LaunchScreen.storyboard */,
			);
			path = "Supporting FIles";
			sourceTree = "<group>";
		};
/* End PBXGroup section */

/* Begin PBXNativeTarget section */
		42D43F04204D8150006EEF75 /* FlipCard */ = {
			isa = PBXNativeTarget;
			buildConfigurationList = 42D43F17204D8150006EEF75 /* Build configuration list for PBXNativeTarget "FlipCard" */;
			buildPhases = (
				42D43F01204D8150006EEF75 /* Sources */,
				42D43F02204D8150006EEF75 /* Frameworks */,
				42D43F03204D8150006EEF75 /* Resources */,
			);
			buildRules = (
			);
			dependencies = (
			);
			name = FlipCard;
			productName = FlipCard;
			productReference = 42D43F05204D8150006EEF75 /* FlipCard.app */;
			productType = "com.apple.product-type.application";
		};
/* End PBXNativeTarget section */

/* Begin PBXProject section */
		42D43EFD204D8150006EEF75 /* Project object */ = {
			isa = PBXProject;
			attributes = {
				LastSwiftUpdateCheck = 0920;
				LastUpgradeCheck = 0920;
				ORGANIZATIONNAME = Joshua;
				TargetAttributes = {
					42D43F04204D8150006EEF75 = {
						CreatedOnToolsVersion = 9.2;
						ProvisioningStyle = Automatic;
					};
				};
			};
			buildConfigurationList = 42D43F00204D8150006EEF75 /* Build configuration list for PBXProject "FlipCard" */;
			compatibilityVersion = "Xcode 8.0";
			developmentRegion = en;
			hasScannedForEncodings = 0;
			knownRegions = (
				en,
				Base,
			);
			mainGroup = 42D43EFC204D8150006EEF75;
			productRefGroup = 42D43F06204D8150006EEF75 /* Products */;
			projectDirPath = "";
			projectRoot = "";
			targets = (
				42D43F04204D8150006EEF75 /* FlipCard */,
			);
		};
/* End PBXProject section */

/* Begin PBXResourcesBuildPhase section */
		42D43F03204D8150006EEF75 /* Resources */ = {
			isa = PBXResourcesBuildPhase;
			buildActionMask = 2147483647;
			files = (
				42D43F13204D8150006EEF75 /* LaunchScreen.storyboard in Resources */,
				42D43F10204D8150006EEF75 /* Assets.xcassets in Resources */,
				42D43F0E204D8150006EEF75 /* Main.storyboard in Resources */,
			);
			runOnlyForDeploymentPostprocessing = 0;
		};
/* End PBXResourcesBuildPhase section */

/* Begin PBXSourcesBuildPhase section */
		42D43F01204D8150006EEF75 /* Sources */ = {
			isa = PBXSourcesBuildPhase;
			buildActionMask = 2147483647;
			files = (
				42D43F0B204D8150006EEF75 /* ViewController.swift in Sources */,
				42D43F09204D8150006EEF75 /* AppDelegate.swift in Sources */,
				420AC295204EB664005487A9 /* Concentration.swift in Sources */,
				420AC297204EB684005487A9 /* Card.swift in Sources */,
			);
			runOnlyForDeploymentPostprocessing = 0;
		};
/* End PBXSourcesBuildPhase section */

/* Begin PBXVariantGroup section */
		42D43F0C204D8150006EEF75 /* Main.storyboard */ = {
			isa = PBXVariantGroup;
			children = (
				42D43F0D204D8150006EEF75 /* Base */,
			);
			name = Main.storyboard;
			sourceTree = "<group>";
		};
		42D43F11204D8150006EEF75 /* LaunchScreen.storyboard */ = {
			isa = PBXVariantGroup;
			children = (
				42D43F12204D8150006EEF75 /* Base */,
			);
			name = LaunchScreen.storyboard;
			sourceTree = "<group>";
		};
/* End PBXVariantGroup section */

/* Begin XCBuildConfiguration section */
		42D43F15204D8150006EEF75 /* Debug */ = {
			isa = XCBuildConfiguration;
			buildSettings = {
				ALWAYS_SEARCH_USER_PATHS = NO;
				CLANG_ANALYZER_NONNULL = YES;
				CLANG_ANALYZER_NUMBER_OBJECT_CONVERSION = YES_AGGRESSIVE;
				CLANG_CXX_LANGUAGE_STANDARD = "gnu++14";
				CLANG_CXX_LIBRARY = "libc++";
				CLANG_ENABLE_MODULES = YES;
				CLANG_ENABLE_OBJC_ARC = YES;
				CLANG_WARN_BLOCK_CAPTURE_AUTORELEASING = YES;
				CLANG_WARN_BOOL_CONVERSION = YES;
				CLANG_WARN_COMMA = YES;
				CLANG_WARN_CONSTANT_CONVERSION = YES;
				CLANG_WARN_DIRECT_OBJC_ISA_USAGE = YES_ERROR;
				CLANG_WARN_DOCUMENTATION_COMMENTS = YES;
				CLANG_WARN_EMPTY_BODY = YES;
				CLANG_WARN_ENUM_CONVERSION = YES;
				CLANG_WARN_INFINITE_RECURSION = YES;
				CLANG_WARN_INT_CONVERSION = YES;
				CLANG_WARN_NON_LITERAL_NULL_CONVERSION = YES;
				CLANG_WARN_OBJC_LITERAL_CONVERSION = YES;
				CLANG_WARN_OBJC_ROOT_CLASS = YES_ERROR;
				CLANG_WARN_RANGE_LOOP_ANALYSIS = YES;
				CLANG_WARN_STRICT_PROTOTYPES = YES;
				CLANG_WARN_SUSPICIOUS_MOVE = YES;
				CLANG_WARN_UNGUARDED_AVAILABILITY = YES_AGGRESSIVE;
				CLANG_WARN_UNREACHABLE_CODE = YES;
				CLANG_WARN__DUPLICATE_METHOD_MATCH = YES;
				CODE_SIGN_IDENTITY = "iPhone Developer";
				COPY_PHASE_STRIP = NO;
				DEBUG_INFORMATION_FORMAT = dwarf;
				ENABLE_STRICT_OBJC_MSGSEND = YES;
				ENABLE_TESTABILITY = YES;
				GCC_C_LANGUAGE_STANDARD = gnu11;
				GCC_DYNAMIC_NO_PIC = NO;
				GCC_NO_COMMON_BLOCKS = YES;
				GCC_OPTIMIZATION_LEVEL = 0;
				GCC_PREPROCESSOR_DEFINITIONS = (
					"DEBUG=1",
					"$(inherited)",
				);
				GCC_WARN_64_TO_32_BIT_CONVERSION = YES;
				GCC_WARN_ABOUT_RETURN_TYPE = YES_ERROR;
				GCC_WARN_UNDECLARED_SELECTOR = YES;
				GCC_WARN_UNINITIALIZED_AUTOS = YES_AGGRESSIVE;
				GCC_WARN_UNUSED_FUNCTION = YES;
				GCC_WARN_UNUSED_VARIABLE = YES;
				IPHONEOS_DEPLOYMENT_TARGET = 11.2;
				MTL_ENABLE_DEBUG_INFO = YES;
				ONLY_ACTIVE_ARCH = YES;
				SDKROOT = iphoneos;
				SWIFT_ACTIVE_COMPILATION_CONDITIONS = DEBUG;
				SWIFT_OPTIMIZATION_LEVEL = "-Onone";
			};
			name = Debug;
		};
		42D43F16204D8150006EEF75 /* Release */ = {
			isa = XCBuildConfiguration;
			buildSettings = {
				ALWAYS_SEARCH_USER_PATHS = NO;
				CLANG_ANALYZER_NONNULL = YES;
				CLANG_ANALYZER_NUMBER_OBJECT_CONVERSION = YES_AGGRESSIVE;
				CLANG_CXX_LANGUAGE_STANDARD = "gnu++14";
				CLANG_CXX_LIBRARY = "libc++";
				CLANG_ENABLE_MODULES = YES;
				CLANG_ENABLE_OBJC_ARC = YES;
				CLANG_WARN_BLOCK_CAPTURE_AUTORELEASING = YES;
				CLANG_WARN_BOOL_CONVERSION = YES;
				CLANG_WARN_COMMA = YES;
				CLANG_WARN_CONSTANT_CONVERSION = YES;
				CLANG_WARN_DIRECT_OBJC_ISA_USAGE = YES_ERROR;
				CLANG_WARN_DOCUMENTATION_COMMENTS = YES;
				CLANG_WARN_EMPTY_BODY = YES;
				CLANG_WARN_ENUM_CONVERSION = YES;
				CLANG_WARN_INFINITE_RECURSION = YES;
				CLANG_WARN_INT_CONVERSION = YES;
				CLANG_WARN_NON_LITERAL_NULL_CONVERSION = YES;
				CLANG_WARN_OBJC_LITERAL_CONVERSION = YES;
				CLANG_WARN_OBJC_ROOT_CLASS = YES_ERROR;
				CLANG_WARN_RANGE_LOOP_ANALYSIS = YES;
				CLANG_WARN_STRICT_PROTOTYPES = YES;
				CLANG_WARN_SUSPICIOUS_MOVE = YES;
				CLANG_WARN_UNGUARDED_AVAILABILITY = YES_AGGRESSIVE;
				CLANG_WARN_UNREACHABLE_CODE = YES;
				CLANG_WARN__DUPLICATE_METHOD_MATCH = YES;
				CODE_SIGN_IDENTITY = "iPhone Developer";
				COPY_PHASE_STRIP = NO;
				DEBUG_INFORMATION_FORMAT = "dwarf-with-dsym";
				ENABLE_NS_ASSERTIONS = NO;
				ENABLE_STRICT_OBJC_MSGSEND = YES;
				GCC_C_LANGUAGE_STANDARD = gnu11;
				GCC_NO_COMMON_BLOCKS = YES;
				GCC_WARN_64_TO_32_BIT_CONVERSION = YES;
				GCC_WARN_ABOUT_RETURN_TYPE = YES_ERROR;
				GCC_WARN_UNDECLARED_SELECTOR = YES;
				GCC_WARN_UNINITIALIZED_AUTOS = YES_AGGRESSIVE;
				GCC_WARN_UNUSED_FUNCTION = YES;
				GCC_WARN_UNUSED_VARIABLE = YES;
				IPHONEOS_DEPLOYMENT_TARGET = 11.2;
				MTL_ENABLE_DEBUG_INFO = NO;
				SDKROOT = iphoneos;
				SWIFT_OPTIMIZATION_LEVEL = "-Owholemodule";
				VALIDATE_PRODUCT = YES;
			};
			name = Release;
		};
		42D43F18204D8150006EEF75 /* Debug */ = {
			isa = XCBuildConfiguration;
			buildSettings = {
				ASSETCATALOG_COMPILER_APPICON_NAME = AppIcon;
				CODE_SIGN_STYLE = Automatic;
				DEVELOPMENT_TEAM = NZV67VUHT6;
				INFOPLIST_FILE = FlipCard/Info.plist;
				LD_RUNPATH_SEARCH_PATHS = "$(inherited) @executable_path/Frameworks";
				PRODUCT_BUNDLE_IDENTIFIER = Joshua.FlipCard;
				PRODUCT_NAME = "$(TARGET_NAME)";
				SWIFT_VERSION = 4.0;
				TARGETED_DEVICE_FAMILY = "1,2";
			};
			name = Debug;
		};
		42D43F19204D8150006EEF75 /* Release */ = {
			isa = XCBuildConfiguration;
			buildSettings = {
				ASSETCATALOG_COMPILER_APPICON_NAME = AppIcon;
				CODE_SIGN_STYLE = Automatic;
				DEVELOPMENT_TEAM = NZV67VUHT6;
				INFOPLIST_FILE = FlipCard/Info.plist;
				LD_RUNPATH_SEARCH_PATHS = "$(inherited) @executable_path/Frameworks";
				PRODUCT_BUNDLE_IDENTIFIER = Joshua.FlipCard;
				PRODUCT_NAME = "$(TARGET_NAME)";
				SWIFT_VERSION = 4.0;
				TARGETED_DEVICE_FAMILY = "1,2";
			};
			name = Release;
		};
/* End XCBuildConfiguration section */

/* Begin XCConfigurationList section */
		42D43F00204D8150006EEF75 /* Build configuration list for PBXProject "FlipCard" */ = {
			isa = XCConfigurationList;
			buildConfigurations = (
				42D43F15204D8150006EEF75 /* Debug */,
				42D43F16204D8150006EEF75 /* Release */,
			);
			defaultConfigurationIsVisible = 0;
			defaultConfigurationName = Release;
		};
		42D43F17204D8150006EEF75 /* Build configuration list for PBXNativeTarget "FlipCard" */ = {
			isa = XCConfigurationList;
			buildConfigurations = (
				42D43F18204D8150006EEF75 /* Debug */,
				42D43F19204D8150006EEF75 /* Release */,
			);
			defaultConfigurationIsVisible = 0;
			defaultConfigurationName = Release;
		};
/* End XCConfigurationList section */
	};
	rootObject = 42D43EFD204D8150006EEF75 /* Project object */;
}
