// !$*UTF8*$!
{
	archiveVersion = 1;
	classes = {
	};
	objectVersion = 48;
	objects = {

/* Begin PBXBuildFile section */
		423B4C5A205817E000D67BF5 /* CassiniViewController.swift in Sources */ = {isa = PBXBuildFile; fileRef = 423B4C59205817E000D67BF5 /* CassiniViewController.swift */; };
		42BC836C2056C6B900D47CBF /* AppDelegate.swift in Sources */ = {isa = PBXBuildFile; fileRef = 42BC836B2056C6B900D47CBF /* AppDelegate.swift */; };
		42BC83712056C6B900D47CBF /* Main.storyboard in Resources */ = {isa = PBXBuildFile; fileRef = 42BC836F2056C6B900D47CBF /* Main.storyboard */; };
		42BC83732056C6B900D47CBF /* Assets.xcassets in Resources */ = {isa = PBXBuildFile; fileRef = 42BC83722056C6B900D47CBF /* Assets.xcassets */; };
		42BC83762056C6B900D47CBF /* LaunchScreen.storyboard in Resources */ = {isa = PBXBuildFile; fileRef = 42BC83742056C6B900D47CBF /* LaunchScreen.storyboard */; };
		42BC837F2056C70C00D47CBF /* ImageViewController.swift in Sources */ = {isa = PBXBuildFile; fileRef = 42BC837E2056C70C00D47CBF /* ImageViewController.swift */; };
		42BC83812056C8DD00D47CBF /* DemoURl.swift in Sources */ = {isa = PBXBuildFile; fileRef = 42BC83802056C8DC00D47CBF /* DemoURl.swift */; };
		42BC83832056C91E00D47CBF /* oval.jpg in Resources */ = {isa = PBXBuildFile; fileRef = 42BC83822056C91E00D47CBF /* oval.jpg */; };
/* End PBXBuildFile section */

/* Begin PBXFileReference section */
		423B4C59205817E000D67BF5 /* CassiniViewController.swift */ = {isa = PBXFileReference; lastKnownFileType = sourcecode.swift; path = CassiniViewController.swift; sourceTree = "<group>"; };
		42BC83682056C6B900D47CBF /* Cassini.app */ = {isa = PBXFileReference; explicitFileType = wrapper.application; includeInIndex = 0; path = Cassini.app; sourceTree = BUILT_PRODUCTS_DIR; };
		42BC836B2056C6B900D47CBF /* AppDelegate.swift */ = {isa = PBXFileReference; lastKnownFileType = sourcecode.swift; path = AppDelegate.swift; sourceTree = "<group>"; };
		42BC83702056C6B900D47CBF /* Base */ = {isa = PBXFileReference; lastKnownFileType = file.storyboard; name = Base; path = Base.lproj/Main.storyboard; sourceTree = "<group>"; };
		42BC83722056C6B900D47CBF /* Assets.xcassets */ = {isa = PBXFileReference; lastKnownFileType = folder.assetcatalog; path = Assets.xcassets; sourceTree = "<group>"; };
		42BC83752056C6B900D47CBF /* Base */ = {isa = PBXFileReference; lastKnownFileType = file.storyboard; name = Base; path = Base.lproj/LaunchScreen.storyboard; sourceTree = "<group>"; };
		42BC83772056C6B900D47CBF /* Info.plist */ = {isa = PBXFileReference; lastKnownFileType = text.plist.xml; path = Info.plist; sourceTree = "<group>"; };
		42BC837E2056C70C00D47CBF /* ImageViewController.swift */ = {isa = PBXFileReference; lastKnownFileType = sourcecode.swift; path = ImageViewController.swift; sourceTree = "<group>"; };
		42BC83802056C8DC00D47CBF /* DemoURl.swift */ = {isa = PBXFileReference; fileEncoding = 4; lastKnownFileType = sourcecode.swift; path = DemoURl.swift; sourceTree = "<group>"; };
		42BC83822056C91E00D47CBF /* oval.jpg */ = {isa = PBXFileReference; lastKnownFileType = image.jpeg; path = oval.jpg; sourceTree = "<group>"; };
/* End PBXFileReference section */

/* Begin PBXFrameworksBuildPhase section */
		42BC83652056C6B900D47CBF /* Frameworks */ = {
			isa = PBXFrameworksBuildPhase;
			buildActionMask = 2147483647;
			files = (
			);
			runOnlyForDeploymentPostprocessing = 0;
		};
/* End PBXFrameworksBuildPhase section */

/* Begin PBXGroup section */
		42BC835F2056C6B900D47CBF = {
			isa = PBXGroup;
			children = (
				42BC836A2056C6B900D47CBF /* Cassini */,
				42BC83692056C6B900D47CBF /* Products */,
			);
			sourceTree = "<group>";
		};
		42BC83692056C6B900D47CBF /* Products */ = {
			isa = PBXGroup;
			children = (
				42BC83682056C6B900D47CBF /* Cassini.app */,
			);
			name = Products;
			sourceTree = "<group>";
		};
		42BC836A2056C6B900D47CBF /* Cassini */ = {
			isa = PBXGroup;
			children = (
				42BC837E2056C70C00D47CBF /* ImageViewController.swift */,
				42BC836F2056C6B900D47CBF /* Main.storyboard */,
				423B4C59205817E000D67BF5 /* CassiniViewController.swift */,
				42BC83802056C8DC00D47CBF /* DemoURl.swift */,
				42BC83822056C91E00D47CBF /* oval.jpg */,
				42BC837D2056C6D600D47CBF /* Supporting Files */,
				42BC83772056C6B900D47CBF /* Info.plist */,
			);
			path = Cassini;
			sourceTree = "<group>";
		};
		42BC837D2056C6D600D47CBF /* Supporting Files */ = {
			isa = PBXGroup;
			children = (
				42BC836B2056C6B900D47CBF /* AppDelegate.swift */,
				42BC83722056C6B900D47CBF /* Assets.xcassets */,
				42BC83742056C6B900D47CBF /* LaunchScreen.storyboard */,
			);
			path = "Supporting Files";
			sourceTree = "<group>";
		};
/* End PBXGroup section */

/* Begin PBXNativeTarget section */
		42BC83672056C6B900D47CBF /* Cassini */ = {
			isa = PBXNativeTarget;
			buildConfigurationList = 42BC837A2056C6B900D47CBF /* Build configuration list for PBXNativeTarget "Cassini" */;
			buildPhases = (
				42BC83642056C6B900D47CBF /* Sources */,
				42BC83652056C6B900D47CBF /* Frameworks */,
				42BC83662056C6B900D47CBF /* Resources */,
			);
			buildRules = (
			);
			dependencies = (
			);
			name = Cassini;
			productName = Cassini;
			productReference = 42BC83682056C6B900D47CBF /* Cassini.app */;
			productType = "com.apple.product-type.application";
		};
/* End PBXNativeTarget section */

/* Begin PBXProject section */
		42BC83602056C6B900D47CBF /* Project object */ = {
			isa = PBXProject;
			attributes = {
				LastSwiftUpdateCheck = 0920;
				LastUpgradeCheck = 0920;
				ORGANIZATIONNAME = Joshua;
				TargetAttributes = {
					42BC83672056C6B900D47CBF = {
						CreatedOnToolsVersion = 9.2;
						ProvisioningStyle = Automatic;
					};
				};
			};
			buildConfigurationList = 42BC83632056C6B900D47CBF /* Build configuration list for PBXProject "Cassini" */;
			compatibilityVersion = "Xcode 8.0";
			developmentRegion = en;
			hasScannedForEncodings = 0;
			knownRegions = (
				en,
				Base,
			);
			mainGroup = 42BC835F2056C6B900D47CBF;
			productRefGroup = 42BC83692056C6B900D47CBF /* Products */;
			projectDirPath = "";
			projectRoot = "";
			targets = (
				42BC83672056C6B900D47CBF /* Cassini */,
			);
		};
/* End PBXProject section */

/* Begin PBXResourcesBuildPhase section */
		42BC83662056C6B900D47CBF /* Resources */ = {
			isa = PBXResourcesBuildPhase;
			buildActionMask = 2147483647;
			files = (
				42BC83762056C6B900D47CBF /* LaunchScreen.storyboard in Resources */,
				42BC83832056C91E00D47CBF /* oval.jpg in Resources */,
				42BC83732056C6B900D47CBF /* Assets.xcassets in Resources */,
				42BC83712056C6B900D47CBF /* Main.storyboard in Resources */,
			);
			runOnlyForDeploymentPostprocessing = 0;
		};
/* End PBXResourcesBuildPhase section */

/* Begin PBXSourcesBuildPhase section */
		42BC83642056C6B900D47CBF /* Sources */ = {
			isa = PBXSourcesBuildPhase;
			buildActionMask = 2147483647;
			files = (
				42BC837F2056C70C00D47CBF /* ImageViewController.swift in Sources */,
				42BC836C2056C6B900D47CBF /* AppDelegate.swift in Sources */,
				42BC83812056C8DD00D47CBF /* DemoURl.swift in Sources */,
				423B4C5A205817E000D67BF5 /* CassiniViewController.swift in Sources */,
			);
			runOnlyForDeploymentPostprocessing = 0;
		};
/* End PBXSourcesBuildPhase section */

/* Begin PBXVariantGroup section */
		42BC836F2056C6B900D47CBF /* Main.storyboard */ = {
			isa = PBXVariantGroup;
			children = (
				42BC83702056C6B900D47CBF /* Base */,
			);
			name = Main.storyboard;
			sourceTree = "<group>";
		};
		42BC83742056C6B900D47CBF /* LaunchScreen.storyboard */ = {
			isa = PBXVariantGroup;
			children = (
				42BC83752056C6B900D47CBF /* Base */,
			);
			name = LaunchScreen.storyboard;
			sourceTree = "<group>";
		};
/* End PBXVariantGroup section */

/* Begin XCBuildConfiguration section */
		42BC83782056C6B900D47CBF /* Debug */ = {
			isa = XCBuildConfiguration;
			buildSettings = {
				ALWAYS_SEARCH_USER_PATHS = NO;
				CLANG_ANALYZER_NONNULL = YES;
				CLANG_ANALYZER_NUMBER_OBJECT_CONVERSION = YES_AGGRESSIVE;
				CLANG_CXX_LANGUAGE_STANDARD = "gnu++14";
				CLANG_CXX_LIBRARY = "libc++";
				CLANG_ENABLE_MODULES = YES;
				CLANG_ENABLE_OBJC_ARC = YES;
				CLANG_WARN_BLOCK_CAPTURE_AUTORELEASING = YES;
				CLANG_WARN_BOOL_CONVERSION = YES;
				CLANG_WARN_COMMA = YES;
				CLANG_WARN_CONSTANT_CONVERSION = YES;
				CLANG_WARN_DIRECT_OBJC_ISA_USAGE = YES_ERROR;
				CLANG_WARN_DOCUMENTATION_COMMENTS = YES;
				CLANG_WARN_EMPTY_BODY = YES;
				CLANG_WARN_ENUM_CONVERSION = YES;
				CLANG_WARN_INFINITE_RECURSION = YES;
				CLANG_WARN_INT_CONVERSION = YES;
				CLANG_WARN_NON_LITERAL_NULL_CONVERSION = YES;
				CLANG_WARN_OBJC_LITERAL_CONVERSION = YES;
				CLANG_WARN_OBJC_ROOT_CLASS = YES_ERROR;
				CLANG_WARN_RANGE_LOOP_ANALYSIS = YES;
				CLANG_WARN_STRICT_PROTOTYPES = YES;
				CLANG_WARN_SUSPICIOUS_MOVE = YES;
				CLANG_WARN_UNGUARDED_AVAILABILITY = YES_AGGRESSIVE;
				CLANG_WARN_UNREACHABLE_CODE = YES;
				CLANG_WARN__DUPLICATE_METHOD_MATCH = YES;
				CODE_SIGN_IDENTITY = "iPhone Developer";
				COPY_PHASE_STRIP = NO;
				DEBUG_INFORMATION_FORMAT = dwarf;
				ENABLE_STRICT_OBJC_MSGSEND = YES;
				ENABLE_TESTABILITY = YES;
				GCC_C_LANGUAGE_STANDARD = gnu11;
				GCC_DYNAMIC_NO_PIC = NO;
				GCC_NO_COMMON_BLOCKS = YES;
				GCC_OPTIMIZATION_LEVEL = 0;
				GCC_PREPROCESSOR_DEFINITIONS = (
					"DEBUG=1",
					"$(inherited)",
				);
				GCC_WARN_64_TO_32_BIT_CONVERSION = YES;
				GCC_WARN_ABOUT_RETURN_TYPE = YES_ERROR;
				GCC_WARN_UNDECLARED_SELECTOR = YES;
				GCC_WARN_UNINITIALIZED_AUTOS = YES_AGGRESSIVE;
				GCC_WARN_UNUSED_FUNCTION = YES;
				GCC_WARN_UNUSED_VARIABLE = YES;
				IPHONEOS_DEPLOYMENT_TARGET = 11.2;
				MTL_ENABLE_DEBUG_INFO = YES;
				ONLY_ACTIVE_ARCH = YES;
				SDKROOT = iphoneos;
				SWIFT_ACTIVE_COMPILATION_CONDITIONS = DEBUG;
				SWIFT_OPTIMIZATION_LEVEL = "-Onone";
			};
			name = Debug;
		};
		42BC83792056C6B900D47CBF /* Release */ = {
			isa = XCBuildConfiguration;
			buildSettings = {
				ALWAYS_SEARCH_USER_PATHS = NO;
				CLANG_ANALYZER_NONNULL = YES;
				CLANG_ANALYZER_NUMBER_OBJECT_CONVERSION = YES_AGGRESSIVE;
				CLANG_CXX_LANGUAGE_STANDARD = "gnu++14";
				CLANG_CXX_LIBRARY = "libc++";
				CLANG_ENABLE_MODULES = YES;
				CLANG_ENABLE_OBJC_ARC = YES;
				CLANG_WARN_BLOCK_CAPTURE_AUTORELEASING = YES;
				CLANG_WARN_BOOL_CONVERSION = YES;
				CLANG_WARN_COMMA = YES;
				CLANG_WARN_CONSTANT_CONVERSION = YES;
				CLANG_WARN_DIRECT_OBJC_ISA_USAGE = YES_ERROR;
				CLANG_WARN_DOCUMENTATION_COMMENTS = YES;
				CLANG_WARN_EMPTY_BODY = YES;
				CLANG_WARN_ENUM_CONVERSION = YES;
				CLANG_WARN_INFINITE_RECURSION = YES;
				CLANG_WARN_INT_CONVERSION = YES;
				CLANG_WARN_NON_LITERAL_NULL_CONVERSION = YES;
				CLANG_WARN_OBJC_LITERAL_CONVERSION = YES;
				CLANG_WARN_OBJC_ROOT_CLASS = YES_ERROR;
				CLANG_WARN_RANGE_LOOP_ANALYSIS = YES;
				CLANG_WARN_STRICT_PROTOTYPES = YES;
				CLANG_WARN_SUSPICIOUS_MOVE = YES;
				CLANG_WARN_UNGUARDED_AVAILABILITY = YES_AGGRESSIVE;
				CLANG_WARN_UNREACHABLE_CODE = YES;
				CLANG_WARN__DUPLICATE_METHOD_MATCH = YES;
				CODE_SIGN_IDENTITY = "iPhone Developer";
				COPY_PHASE_STRIP = NO;
				DEBUG_INFORMATION_FORMAT = "dwarf-with-dsym";
				ENABLE_NS_ASSERTIONS = NO;
				ENABLE_STRICT_OBJC_MSGSEND = YES;
				GCC_C_LANGUAGE_STANDARD = gnu11;
				GCC_NO_COMMON_BLOCKS = YES;
				GCC_WARN_64_TO_32_BIT_CONVERSION = YES;
				GCC_WARN_ABOUT_RETURN_TYPE = YES_ERROR;
				GCC_WARN_UNDECLARED_SELECTOR = YES;
				GCC_WARN_UNINITIALIZED_AUTOS = YES_AGGRESSIVE;
				GCC_WARN_UNUSED_FUNCTION = YES;
				GCC_WARN_UNUSED_VARIABLE = YES;
				IPHONEOS_DEPLOYMENT_TARGET = 11.2;
				MTL_ENABLE_DEBUG_INFO = NO;
				SDKROOT = iphoneos;
				SWIFT_OPTIMIZATION_LEVEL = "-Owholemodule";
				VALIDATE_PRODUCT = YES;
			};
			name = Release;
		};
		42BC837B2056C6B900D47CBF /* Debug */ = {
			isa = XCBuildConfiguration;
			buildSettings = {
				ASSETCATALOG_COMPILER_APPICON_NAME = AppIcon;
				CODE_SIGN_STYLE = Automatic;
				DEVELOPMENT_TEAM = NZV67VUHT6;
				INFOPLIST_FILE = Cassini/Info.plist;
				LD_RUNPATH_SEARCH_PATHS = "$(inherited) @executable_path/Frameworks";
				PRODUCT_BUNDLE_IDENTIFIER = Joshua.Cassini;
				PRODUCT_NAME = "$(TARGET_NAME)";
				SWIFT_VERSION = 4.0;
				TARGETED_DEVICE_FAMILY = "1,2";
			};
			name = Debug;
		};
		42BC837C2056C6B900D47CBF /* Release */ = {
			isa = XCBuildConfiguration;
			buildSettings = {
				ASSETCATALOG_COMPILER_APPICON_NAME = AppIcon;
				CODE_SIGN_STYLE = Automatic;
				DEVELOPMENT_TEAM = NZV67VUHT6;
				INFOPLIST_FILE = Cassini/Info.plist;
				LD_RUNPATH_SEARCH_PATHS = "$(inherited) @executable_path/Frameworks";
				PRODUCT_BUNDLE_IDENTIFIER = Joshua.Cassini;
				PRODUCT_NAME = "$(TARGET_NAME)";
				SWIFT_VERSION = 4.0;
				TARGETED_DEVICE_FAMILY = "1,2";
			};
			name = Release;
		};
/* End XCBuildConfiguration section */

/* Begin XCConfigurationList section */
		42BC83632056C6B900D47CBF /* Build configuration list for PBXProject "Cassini" */ = {
			isa = XCConfigurationList;
			buildConfigurations = (
				42BC83782056C6B900D47CBF /* Debug */,
				42BC83792056C6B900D47CBF /* Release */,
			);
			defaultConfigurationIsVisible = 0;
			defaultConfigurationName = Release;
		};
		42BC837A2056C6B900D47CBF /* Build configuration list for PBXNativeTarget "Cassini" */ = {
			isa = XCConfigurationList;
			buildConfigurations = (
				42BC837B2056C6B900D47CBF /* Debug */,
				42BC837C2056C6B900D47CBF /* Release */,
			);
			defaultConfigurationIsVisible = 0;
			defaultConfigurationName = Release;
		};
/* End XCConfigurationList section */
	};
	rootObject = 42BC83602056C6B900D47CBF /* Project object */;
}
